// !$*UTF8*$!
{
	archiveVersion = 1;
	classes = {
	};
	objectVersion = 56;
	objects = {

/* Begin PBXBuildFile section */
		B588C0A7299E33AB00D16215 /* MapViewController.swift in Sources */ = {isa = PBXBuildFile; fileRef = B588C0A6299E33AB00D16215 /* MapViewController.swift */; };
		B588C0A9299E33C500D16215 /* FavoritesViewController.swift in Sources */ = {isa = PBXBuildFile; fileRef = B588C0A8299E33C500D16215 /* FavoritesViewController.swift */; };
		B588C0AB299E33CF00D16215 /* ProfileViewController.swift in Sources */ = {isa = PBXBuildFile; fileRef = B588C0AA299E33CF00D16215 /* ProfileViewController.swift */; };
		B588C0AE299E386E00D16215 /* CustomAnnotation.swift in Sources */ = {isa = PBXBuildFile; fileRef = B588C0AD299E386E00D16215 /* CustomAnnotation.swift */; };
		B59D71AF299E4B0700D52227 /* PaddingLabel.swift in Sources */ = {isa = PBXBuildFile; fileRef = B59D71AE299E4B0700D52227 /* PaddingLabel.swift */; };
		B59D71B1299E4D6100D52227 /* User.swift in Sources */ = {isa = PBXBuildFile; fileRef = B59D71B0299E4D6100D52227 /* User.swift */; };
		B5ADEFAD299E582D00A4A6D6 /* LoginViewController.swift in Sources */ = {isa = PBXBuildFile; fileRef = B5ADEFAC299E582D00A4A6D6 /* LoginViewController.swift */; };
		B5ADEFAF299E668900A4A6D6 /* CustomTextField.swift in Sources */ = {isa = PBXBuildFile; fileRef = B5ADEFAE299E668900A4A6D6 /* CustomTextField.swift */; };
		B5ADEFB1299E746000A4A6D6 /* ResetPasswordViewController.swift in Sources */ = {isa = PBXBuildFile; fileRef = B5ADEFB0299E746000A4A6D6 /* ResetPasswordViewController.swift */; };
		B5ADEFB3299E7D9C00A4A6D6 /* GoogleService-Info.plist in Resources */ = {isa = PBXBuildFile; fileRef = B5ADEFB2299E7D9C00A4A6D6 /* GoogleService-Info.plist */; };
		B5ADEFB6299E7E0600A4A6D6 /* FirebaseAuth in Frameworks */ = {isa = PBXBuildFile; productRef = B5ADEFB5299E7E0600A4A6D6 /* FirebaseAuth */; };
		B5F3255E299E184C00420CD5 /* AppDelegate.swift in Sources */ = {isa = PBXBuildFile; fileRef = B5F3255D299E184C00420CD5 /* AppDelegate.swift */; };
		B5F32560299E184C00420CD5 /* SceneDelegate.swift in Sources */ = {isa = PBXBuildFile; fileRef = B5F3255F299E184C00420CD5 /* SceneDelegate.swift */; };
		B5F32562299E184C00420CD5 /* NewsViewController.swift in Sources */ = {isa = PBXBuildFile; fileRef = B5F32561299E184C00420CD5 /* NewsViewController.swift */; };
		B5F32565299E184C00420CD5 /* Main.storyboard in Resources */ = {isa = PBXBuildFile; fileRef = B5F32563299E184C00420CD5 /* Main.storyboard */; };
		B5F32568299E184C00420CD5 /* NewsTest.xcdatamodeld in Sources */ = {isa = PBXBuildFile; fileRef = B5F32566299E184C00420CD5 /* NewsTest.xcdatamodeld */; };
		B5F3256A299E184D00420CD5 /* Assets.xcassets in Resources */ = {isa = PBXBuildFile; fileRef = B5F32569299E184D00420CD5 /* Assets.xcassets */; };
		B5F3256D299E184D00420CD5 /* LaunchScreen.storyboard in Resources */ = {isa = PBXBuildFile; fileRef = B5F3256B299E184D00420CD5 /* LaunchScreen.storyboard */; };
/* End PBXBuildFile section */

/* Begin PBXFileReference section */
		B588C0A6299E33AB00D16215 /* MapViewController.swift */ = {isa = PBXFileReference; lastKnownFileType = sourcecode.swift; path = MapViewController.swift; sourceTree = "<group>"; };
		B588C0A8299E33C500D16215 /* FavoritesViewController.swift */ = {isa = PBXFileReference; lastKnownFileType = sourcecode.swift; path = FavoritesViewController.swift; sourceTree = "<group>"; };
		B588C0AA299E33CF00D16215 /* ProfileViewController.swift */ = {isa = PBXFileReference; lastKnownFileType = sourcecode.swift; path = ProfileViewController.swift; sourceTree = "<group>"; };
		B588C0AD299E386E00D16215 /* CustomAnnotation.swift */ = {isa = PBXFileReference; lastKnownFileType = sourcecode.swift; path = CustomAnnotation.swift; sourceTree = "<group>"; };
		B59D71AE299E4B0700D52227 /* PaddingLabel.swift */ = {isa = PBXFileReference; lastKnownFileType = sourcecode.swift; path = PaddingLabel.swift; sourceTree = "<group>"; };
		B59D71B0299E4D6100D52227 /* User.swift */ = {isa = PBXFileReference; lastKnownFileType = sourcecode.swift; path = User.swift; sourceTree = "<group>"; };
		B5ADEFAC299E582D00A4A6D6 /* LoginViewController.swift */ = {isa = PBXFileReference; lastKnownFileType = sourcecode.swift; path = LoginViewController.swift; sourceTree = "<group>"; };
		B5ADEFAE299E668900A4A6D6 /* CustomTextField.swift */ = {isa = PBXFileReference; lastKnownFileType = sourcecode.swift; path = CustomTextField.swift; sourceTree = "<group>"; };
		B5ADEFB0299E746000A4A6D6 /* ResetPasswordViewController.swift */ = {isa = PBXFileReference; lastKnownFileType = sourcecode.swift; path = ResetPasswordViewController.swift; sourceTree = "<group>"; };
		B5ADEFB2299E7D9C00A4A6D6 /* GoogleService-Info.plist */ = {isa = PBXFileReference; fileEncoding = 4; lastKnownFileType = text.plist.xml; path = "GoogleService-Info.plist"; sourceTree = "<group>"; };
		B5F3255A299E184C00420CD5 /* NewsTest.app */ = {isa = PBXFileReference; explicitFileType = wrapper.application; includeInIndex = 0; path = NewsTest.app; sourceTree = BUILT_PRODUCTS_DIR; };
		B5F3255D299E184C00420CD5 /* AppDelegate.swift */ = {isa = PBXFileReference; lastKnownFileType = sourcecode.swift; path = AppDelegate.swift; sourceTree = "<group>"; };
		B5F3255F299E184C00420CD5 /* SceneDelegate.swift */ = {isa = PBXFileReference; lastKnownFileType = sourcecode.swift; path = SceneDelegate.swift; sourceTree = "<group>"; };
		B5F32561299E184C00420CD5 /* NewsViewController.swift */ = {isa = PBXFileReference; lastKnownFileType = sourcecode.swift; path = NewsViewController.swift; sourceTree = "<group>"; };
		B5F32564299E184C00420CD5 /* Base */ = {isa = PBXFileReference; lastKnownFileType = file.storyboard; name = Base; path = Base.lproj/Main.storyboard; sourceTree = "<group>"; };
		B5F32567299E184C00420CD5 /* NewsTest.xcdatamodel */ = {isa = PBXFileReference; lastKnownFileType = wrapper.xcdatamodel; path = NewsTest.xcdatamodel; sourceTree = "<group>"; };
		B5F32569299E184D00420CD5 /* Assets.xcassets */ = {isa = PBXFileReference; lastKnownFileType = folder.assetcatalog; path = Assets.xcassets; sourceTree = "<group>"; };
		B5F3256C299E184D00420CD5 /* Base */ = {isa = PBXFileReference; lastKnownFileType = file.storyboard; name = Base; path = Base.lproj/LaunchScreen.storyboard; sourceTree = "<group>"; };
		B5F3256E299E184D00420CD5 /* Info.plist */ = {isa = PBXFileReference; lastKnownFileType = text.plist.xml; path = Info.plist; sourceTree = "<group>"; };
/* End PBXFileReference section */

/* Begin PBXFrameworksBuildPhase section */
		B5F32557299E184C00420CD5 /* Frameworks */ = {
			isa = PBXFrameworksBuildPhase;
			buildActionMask = 2147483647;
			files = (
				B5ADEFB6299E7E0600A4A6D6 /* FirebaseAuth in Frameworks */,
			);
			runOnlyForDeploymentPostprocessing = 0;
		};
/* End PBXFrameworksBuildPhase section */

/* Begin PBXGroup section */
		B588C0AC299E385100D16215 /* Model */ = {
			isa = PBXGroup;
			children = (
				B588C0AD299E386E00D16215 /* CustomAnnotation.swift */,
				B59D71AE299E4B0700D52227 /* PaddingLabel.swift */,
				B5ADEFAE299E668900A4A6D6 /* CustomTextField.swift */,
				B59D71B0299E4D6100D52227 /* User.swift */,
			);
			path = Model;
			sourceTree = "<group>";
		};
		B588C0AF299E398900D16215 /* Controller */ = {
			isa = PBXGroup;
			children = (
				B5F32561299E184C00420CD5 /* NewsViewController.swift */,
				B588C0A6299E33AB00D16215 /* MapViewController.swift */,
				B588C0A8299E33C500D16215 /* FavoritesViewController.swift */,
				B588C0AA299E33CF00D16215 /* ProfileViewController.swift */,
				B5ADEFAC299E582D00A4A6D6 /* LoginViewController.swift */,
				B5ADEFB0299E746000A4A6D6 /* ResetPasswordViewController.swift */,
			);
			path = Controller;
			sourceTree = "<group>";
		};
		B588C0B0299E399300D16215 /* View */ = {
			isa = PBXGroup;
			children = (
			);
			path = View;
			sourceTree = "<group>";
		};
		B5F32551299E184C00420CD5 = {
			isa = PBXGroup;
			children = (
				B5F3255C299E184C00420CD5 /* NewsTest */,
				B5F3255B299E184C00420CD5 /* Products */,
			);
			sourceTree = "<group>";
		};
		B5F3255B299E184C00420CD5 /* Products */ = {
			isa = PBXGroup;
			children = (
				B5F3255A299E184C00420CD5 /* NewsTest.app */,
			);
			name = Products;
			sourceTree = "<group>";
		};
		B5F3255C299E184C00420CD5 /* NewsTest */ = {
			isa = PBXGroup;
			children = (
				B5F3255D299E184C00420CD5 /* AppDelegate.swift */,
				B5F3255F299E184C00420CD5 /* SceneDelegate.swift */,
				B588C0AC299E385100D16215 /* Model */,
				B588C0B0299E399300D16215 /* View */,
				B588C0AF299E398900D16215 /* Controller */,
				B5F32563299E184C00420CD5 /* Main.storyboard */,
				B5F3256B299E184D00420CD5 /* LaunchScreen.storyboard */,
				B5F32569299E184D00420CD5 /* Assets.xcassets */,
				B5F3256E299E184D00420CD5 /* Info.plist */,
				B5ADEFB2299E7D9C00A4A6D6 /* GoogleService-Info.plist */,
				B5F32566299E184C00420CD5 /* NewsTest.xcdatamodeld */,
			);
			path = NewsTest;
			sourceTree = "<group>";
		};
/* End PBXGroup section */

/* Begin PBXNativeTarget section */
		B5F32559299E184C00420CD5 /* NewsTest */ = {
			isa = PBXNativeTarget;
			buildConfigurationList = B5F32571299E184D00420CD5 /* Build configuration list for PBXNativeTarget "NewsTest" */;
			buildPhases = (
				B5F32556299E184C00420CD5 /* Sources */,
				B5F32557299E184C00420CD5 /* Frameworks */,
				B5F32558299E184C00420CD5 /* Resources */,
			);
			buildRules = (
			);
			dependencies = (
			);
			name = NewsTest;
			packageProductDependencies = (
				B5ADEFB5299E7E0600A4A6D6 /* FirebaseAuth */,
			);
			productName = NewsTest;
			productReference = B5F3255A299E184C00420CD5 /* NewsTest.app */;
			productType = "com.apple.product-type.application";
		};
/* End PBXNativeTarget section */

/* Begin PBXProject section */
		B5F32552299E184C00420CD5 /* Project object */ = {
			isa = PBXProject;
			attributes = {
				BuildIndependentTargetsInParallel = 1;
				LastSwiftUpdateCheck = 1420;
				LastUpgradeCheck = 1420;
				TargetAttributes = {
					B5F32559299E184C00420CD5 = {
						CreatedOnToolsVersion = 14.2;
					};
				};
			};
			buildConfigurationList = B5F32555299E184C00420CD5 /* Build configuration list for PBXProject "NewsTest" */;
			compatibilityVersion = "Xcode 14.0";
			developmentRegion = en;
			hasScannedForEncodings = 0;
			knownRegions = (
				en,
				Base,
			);
			mainGroup = B5F32551299E184C00420CD5;
			packageReferences = (
				B5ADEFB4299E7E0600A4A6D6 /* XCRemoteSwiftPackageReference "firebase-ios-sdk" */,
			);
			productRefGroup = B5F3255B299E184C00420CD5 /* Products */;
			projectDirPath = "";
			projectRoot = "";
			targets = (
				B5F32559299E184C00420CD5 /* NewsTest */,
			);
		};
/* End PBXProject section */

/* Begin PBXResourcesBuildPhase section */
		B5F32558299E184C00420CD5 /* Resources */ = {
			isa = PBXResourcesBuildPhase;
			buildActionMask = 2147483647;
			files = (
				B5F3256D299E184D00420CD5 /* LaunchScreen.storyboard in Resources */,
				B5ADEFB3299E7D9C00A4A6D6 /* GoogleService-Info.plist in Resources */,
				B5F3256A299E184D00420CD5 /* Assets.xcassets in Resources */,
				B5F32565299E184C00420CD5 /* Main.storyboard in Resources */,
			);
			runOnlyForDeploymentPostprocessing = 0;
		};
/* End PBXResourcesBuildPhase section */

/* Begin PBXSourcesBuildPhase section */
		B5F32556299E184C00420CD5 /* Sources */ = {
			isa = PBXSourcesBuildPhase;
			buildActionMask = 2147483647;
			files = (
				B5ADEFAF299E668900A4A6D6 /* CustomTextField.swift in Sources */,
				B5ADEFAD299E582D00A4A6D6 /* LoginViewController.swift in Sources */,
				B5F32562299E184C00420CD5 /* NewsViewController.swift in Sources */,
				B5F3255E299E184C00420CD5 /* AppDelegate.swift in Sources */,
				B5F32568299E184C00420CD5 /* NewsTest.xcdatamodeld in Sources */,
				B588C0A7299E33AB00D16215 /* MapViewController.swift in Sources */,
				B588C0AB299E33CF00D16215 /* ProfileViewController.swift in Sources */,
				B588C0A9299E33C500D16215 /* FavoritesViewController.swift in Sources */,
				B59D71AF299E4B0700D52227 /* PaddingLabel.swift in Sources */,
				B5ADEFB1299E746000A4A6D6 /* ResetPasswordViewController.swift in Sources */,
				B5F32560299E184C00420CD5 /* SceneDelegate.swift in Sources */,
				B59D71B1299E4D6100D52227 /* User.swift in Sources */,
				B588C0AE299E386E00D16215 /* CustomAnnotation.swift in Sources */,
			);
			runOnlyForDeploymentPostprocessing = 0;
		};
/* End PBXSourcesBuildPhase section */

/* Begin PBXVariantGroup section */
		B5F32563299E184C00420CD5 /* Main.storyboard */ = {
			isa = PBXVariantGroup;
			children = (
				B5F32564299E184C00420CD5 /* Base */,
			);
			name = Main.storyboard;
			sourceTree = "<group>";
		};
		B5F3256B299E184D00420CD5 /* LaunchScreen.storyboard */ = {
			isa = PBXVariantGroup;
			children = (
				B5F3256C299E184D00420CD5 /* Base */,
			);
			name = LaunchScreen.storyboard;
			sourceTree = "<group>";
		};
/* End PBXVariantGroup section */

/* Begin XCBuildConfiguration section */
		B5F3256F299E184D00420CD5 /* Debug */ = {
			isa = XCBuildConfiguration;
			buildSettings = {
				ALWAYS_SEARCH_USER_PATHS = NO;
				CLANG_ANALYZER_NONNULL = YES;
				CLANG_ANALYZER_NUMBER_OBJECT_CONVERSION = YES_AGGRESSIVE;
				CLANG_CXX_LANGUAGE_STANDARD = "gnu++20";
				CLANG_ENABLE_MODULES = YES;
				CLANG_ENABLE_OBJC_ARC = YES;
				CLANG_ENABLE_OBJC_WEAK = YES;
				CLANG_WARN_BLOCK_CAPTURE_AUTORELEASING = YES;
				CLANG_WARN_BOOL_CONVERSION = YES;
				CLANG_WARN_COMMA = YES;
				CLANG_WARN_CONSTANT_CONVERSION = YES;
				CLANG_WARN_DEPRECATED_OBJC_IMPLEMENTATIONS = YES;
				CLANG_WARN_DIRECT_OBJC_ISA_USAGE = YES_ERROR;
				CLANG_WARN_DOCUMENTATION_COMMENTS = YES;
				CLANG_WARN_EMPTY_BODY = YES;
				CLANG_WARN_ENUM_CONVERSION = YES;
				CLANG_WARN_INFINITE_RECURSION = YES;
				CLANG_WARN_INT_CONVERSION = YES;
				CLANG_WARN_NON_LITERAL_NULL_CONVERSION = YES;
				CLANG_WARN_OBJC_IMPLICIT_RETAIN_SELF = YES;
				CLANG_WARN_OBJC_LITERAL_CONVERSION = YES;
				CLANG_WARN_OBJC_ROOT_CLASS = YES_ERROR;
				CLANG_WARN_QUOTED_INCLUDE_IN_FRAMEWORK_HEADER = YES;
				CLANG_WARN_RANGE_LOOP_ANALYSIS = YES;
				CLANG_WARN_STRICT_PROTOTYPES = YES;
				CLANG_WARN_SUSPICIOUS_MOVE = YES;
				CLANG_WARN_UNGUARDED_AVAILABILITY = YES_AGGRESSIVE;
				CLANG_WARN_UNREACHABLE_CODE = YES;
				CLANG_WARN__DUPLICATE_METHOD_MATCH = YES;
				COPY_PHASE_STRIP = NO;
				DEBUG_INFORMATION_FORMAT = dwarf;
				ENABLE_STRICT_OBJC_MSGSEND = YES;
				ENABLE_TESTABILITY = YES;
				GCC_C_LANGUAGE_STANDARD = gnu11;
				GCC_DYNAMIC_NO_PIC = NO;
				GCC_NO_COMMON_BLOCKS = YES;
				GCC_OPTIMIZATION_LEVEL = 0;
				GCC_PREPROCESSOR_DEFINITIONS = (
					"DEBUG=1",
					"$(inherited)",
				);
				GCC_WARN_64_TO_32_BIT_CONVERSION = YES;
				GCC_WARN_ABOUT_RETURN_TYPE = YES_ERROR;
				GCC_WARN_UNDECLARED_SELECTOR = YES;
				GCC_WARN_UNINITIALIZED_AUTOS = YES_AGGRESSIVE;
				GCC_WARN_UNUSED_FUNCTION = YES;
				GCC_WARN_UNUSED_VARIABLE = YES;
				IPHONEOS_DEPLOYMENT_TARGET = 16.2;
				MTL_ENABLE_DEBUG_INFO = INCLUDE_SOURCE;
				MTL_FAST_MATH = YES;
				ONLY_ACTIVE_ARCH = YES;
				SDKROOT = iphoneos;
				SWIFT_ACTIVE_COMPILATION_CONDITIONS = DEBUG;
				SWIFT_OPTIMIZATION_LEVEL = "-Onone";
			};
			name = Debug;
		};
		B5F32570299E184D00420CD5 /* Release */ = {
			isa = XCBuildConfiguration;
			buildSettings = {
				ALWAYS_SEARCH_USER_PATHS = NO;
				CLANG_ANALYZER_NONNULL = YES;
				CLANG_ANALYZER_NUMBER_OBJECT_CONVERSION = YES_AGGRESSIVE;
				CLANG_CXX_LANGUAGE_STANDARD = "gnu++20";
				CLANG_ENABLE_MODULES = YES;
				CLANG_ENABLE_OBJC_ARC = YES;
				CLANG_ENABLE_OBJC_WEAK = YES;
				CLANG_WARN_BLOCK_CAPTURE_AUTORELEASING = YES;
				CLANG_WARN_BOOL_CONVERSION = YES;
				CLANG_WARN_COMMA = YES;
				CLANG_WARN_CONSTANT_CONVERSION = YES;
				CLANG_WARN_DEPRECATED_OBJC_IMPLEMENTATIONS = YES;
				CLANG_WARN_DIRECT_OBJC_ISA_USAGE = YES_ERROR;
				CLANG_WARN_DOCUMENTATION_COMMENTS = YES;
				CLANG_WARN_EMPTY_BODY = YES;
				CLANG_WARN_ENUM_CONVERSION = YES;
				CLANG_WARN_INFINITE_RECURSION = YES;
				CLANG_WARN_INT_CONVERSION = YES;
				CLANG_WARN_NON_LITERAL_NULL_CONVERSION = YES;
				CLANG_WARN_OBJC_IMPLICIT_RETAIN_SELF = YES;
				CLANG_WARN_OBJC_LITERAL_CONVERSION = YES;
				CLANG_WARN_OBJC_ROOT_CLASS = YES_ERROR;
				CLANG_WARN_QUOTED_INCLUDE_IN_FRAMEWORK_HEADER = YES;
				CLANG_WARN_RANGE_LOOP_ANALYSIS = YES;
				CLANG_WARN_STRICT_PROTOTYPES = YES;
				CLANG_WARN_SUSPICIOUS_MOVE = YES;
				CLANG_WARN_UNGUARDED_AVAILABILITY = YES_AGGRESSIVE;
				CLANG_WARN_UNREACHABLE_CODE = YES;
				CLANG_WARN__DUPLICATE_METHOD_MATCH = YES;
				COPY_PHASE_STRIP = NO;
				DEBUG_INFORMATION_FORMAT = "dwarf-with-dsym";
				ENABLE_NS_ASSERTIONS = NO;
				ENABLE_STRICT_OBJC_MSGSEND = YES;
				GCC_C_LANGUAGE_STANDARD = gnu11;
				GCC_NO_COMMON_BLOCKS = YES;
				GCC_WARN_64_TO_32_BIT_CONVERSION = YES;
				GCC_WARN_ABOUT_RETURN_TYPE = YES_ERROR;
				GCC_WARN_UNDECLARED_SELECTOR = YES;
				GCC_WARN_UNINITIALIZED_AUTOS = YES_AGGRESSIVE;
				GCC_WARN_UNUSED_FUNCTION = YES;
				GCC_WARN_UNUSED_VARIABLE = YES;
				IPHONEOS_DEPLOYMENT_TARGET = 16.2;
				MTL_ENABLE_DEBUG_INFO = NO;
				MTL_FAST_MATH = YES;
				SDKROOT = iphoneos;
				SWIFT_COMPILATION_MODE = wholemodule;
				SWIFT_OPTIMIZATION_LEVEL = "-O";
				VALIDATE_PRODUCT = YES;
			};
			name = Release;
		};
		B5F32572299E184D00420CD5 /* Debug */ = {
			isa = XCBuildConfiguration;
			buildSettings = {
				ASSETCATALOG_COMPILER_APPICON_NAME = AppIcon;
				ASSETCATALOG_COMPILER_GLOBAL_ACCENT_COLOR_NAME = AccentColor;
				CODE_SIGN_STYLE = Automatic;
				CURRENT_PROJECT_VERSION = 1;
				DEVELOPMENT_TEAM = J6J4USC39N;
				GENERATE_INFOPLIST_FILE = YES;
				INFOPLIST_FILE = NewsTest/Info.plist;
				INFOPLIST_KEY_UIApplicationSupportsIndirectInputEvents = YES;
				INFOPLIST_KEY_UILaunchStoryboardName = LaunchScreen;
				INFOPLIST_KEY_UIMainStoryboardFile = Main;
				INFOPLIST_KEY_UISupportedInterfaceOrientations = UIInterfaceOrientationPortrait;
				INFOPLIST_KEY_UISupportedInterfaceOrientations_iPad = "UIInterfaceOrientationLandscapeLeft UIInterfaceOrientationLandscapeRight UIInterfaceOrientationPortrait UIInterfaceOrientationPortraitUpsideDown";
				IPHONEOS_DEPLOYMENT_TARGET = 13.0;
				LD_RUNPATH_SEARCH_PATHS = (
					"$(inherited)",
					"@executable_path/Frameworks",
				);
				MARKETING_VERSION = 1.0;
				PRODUCT_BUNDLE_IDENTIFIER = com.bolgardanchenko.NewsTest;
				PRODUCT_NAME = "$(TARGET_NAME)";
				SUPPORTED_PLATFORMS = "iphoneos iphonesimulator";
				SUPPORTS_MACCATALYST = NO;
				SUPPORTS_MAC_DESIGNED_FOR_IPHONE_IPAD = NO;
				SWIFT_EMIT_LOC_STRINGS = YES;
				SWIFT_VERSION = 5.0;
				TARGETED_DEVICE_FAMILY = 1;
			};
			name = Debug;
		};
		B5F32573299E184D00420CD5 /* Release */ = {
			isa = XCBuildConfiguration;
			buildSettings = {
				ASSETCATALOG_COMPILER_APPICON_NAME = AppIcon;
				ASSETCATALOG_COMPILER_GLOBAL_ACCENT_COLOR_NAME = AccentColor;
				CODE_SIGN_STYLE = Automatic;
				CURRENT_PROJECT_VERSION = 1;
				DEVELOPMENT_TEAM = J6J4USC39N;
				GENERATE_INFOPLIST_FILE = YES;
				INFOPLIST_FILE = NewsTest/Info.plist;
				INFOPLIST_KEY_UIApplicationSupportsIndirectInputEvents = YES;
				INFOPLIST_KEY_UILaunchStoryboardName = LaunchScreen;
				INFOPLIST_KEY_UIMainStoryboardFile = Main;
				INFOPLIST_KEY_UISupportedInterfaceOrientations = UIInterfaceOrientationPortrait;
				INFOPLIST_KEY_UISupportedInterfaceOrientations_iPad = "UIInterfaceOrientationLandscapeLeft UIInterfaceOrientationLandscapeRight UIInterfaceOrientationPortrait UIInterfaceOrientationPortraitUpsideDown";
				IPHONEOS_DEPLOYMENT_TARGET = 13.0;
				LD_RUNPATH_SEARCH_PATHS = (
					"$(inherited)",
					"@executable_path/Frameworks",
				);
				MARKETING_VERSION = 1.0;
				PRODUCT_BUNDLE_IDENTIFIER = com.bolgardanchenko.NewsTest;
				PRODUCT_NAME = "$(TARGET_NAME)";
				SUPPORTED_PLATFORMS = "iphoneos iphonesimulator";
				SUPPORTS_MACCATALYST = NO;
				SUPPORTS_MAC_DESIGNED_FOR_IPHONE_IPAD = NO;
				SWIFT_EMIT_LOC_STRINGS = YES;
				SWIFT_VERSION = 5.0;
				TARGETED_DEVICE_FAMILY = 1;
			};
			name = Release;
		};
/* End XCBuildConfiguration section */

/* Begin XCConfigurationList section */
		B5F32555299E184C00420CD5 /* Build configuration list for PBXProject "NewsTest" */ = {
			isa = XCConfigurationList;
			buildConfigurations = (
				B5F3256F299E184D00420CD5 /* Debug */,
				B5F32570299E184D00420CD5 /* Release */,
			);
			defaultConfigurationIsVisible = 0;
			defaultConfigurationName = Release;
		};
		B5F32571299E184D00420CD5 /* Build configuration list for PBXNativeTarget "NewsTest" */ = {
			isa = XCConfigurationList;
			buildConfigurations = (
				B5F32572299E184D00420CD5 /* Debug */,
				B5F32573299E184D00420CD5 /* Release */,
			);
			defaultConfigurationIsVisible = 0;
			defaultConfigurationName = Release;
		};
/* End XCConfigurationList section */

/* Begin XCRemoteSwiftPackageReference section */
		B5ADEFB4299E7E0600A4A6D6 /* XCRemoteSwiftPackageReference "firebase-ios-sdk" */ = {
			isa = XCRemoteSwiftPackageReference;
			repositoryURL = "https://github.com/firebase/firebase-ios-sdk.git";
			requirement = {
				kind = upToNextMajorVersion;
				minimumVersion = 9.0.0;
			};
		};
/* End XCRemoteSwiftPackageReference section */

/* Begin XCSwiftPackageProductDependency section */
		B5ADEFB5299E7E0600A4A6D6 /* FirebaseAuth */ = {
			isa = XCSwiftPackageProductDependency;
			package = B5ADEFB4299E7E0600A4A6D6 /* XCRemoteSwiftPackageReference "firebase-ios-sdk" */;
			productName = FirebaseAuth;
		};
/* End XCSwiftPackageProductDependency section */

/* Begin XCVersionGroup section */
		B5F32566299E184C00420CD5 /* NewsTest.xcdatamodeld */ = {
			isa = XCVersionGroup;
			children = (
				B5F32567299E184C00420CD5 /* NewsTest.xcdatamodel */,
			);
			currentVersion = B5F32567299E184C00420CD5 /* NewsTest.xcdatamodel */;
			path = NewsTest.xcdatamodeld;
			sourceTree = "<group>";
			versionGroupType = wrapper.xcdatamodel;
		};
/* End XCVersionGroup section */
	};
	rootObject = B5F32552299E184C00420CD5 /* Project object */;
}
